
Microsoft Visual Studio Solution File, Format Version 12.00
# Visual Studio Version 17
VisualStudioVersion = 17.0.32630.193
MinimumVisualStudioVersion = 10.0.40219.1
Project("{9A19103F-16F7-4668-BE54-9A1E7A4F7556}") = "asyncelidingtest", "sample\asyncelidingtest.csproj", "{727C37E0-6231-4DEB-A828-7B39C30C956E}"
EndProject
Project("{9A19103F-16F7-4668-BE54-9A1E7A4F7556}") = "Benchmark", "Benchmarks\Benchmark.csproj", "{7025CE43-7A00-466F-9797-783BF03A2854}"
EndProject
Global
	GlobalSection(SolutionConfigurationPlatforms) = preSolution
		Debug|Any CPU = Debug|Any CPU
		Release|Any CPU = Release|Any CPU
	EndGlobalSection
	GlobalSection(ProjectConfigurationPlatforms) = postSolution
		{727C37E0-6231-4DEB-A828-7B39C30C956E}.Debug|Any CPU.ActiveCfg = Debug|Any CPU
		{727C37E0-6231-4DEB-A828-7B39C30C956E}.Debug|Any CPU.Build.0 = Debug|Any CPU
		{727C37E0-6231-4DEB-A828-7B39C30C956E}.Release|Any CPU.ActiveCfg = Release|Any CPU
		{727C37E0-6231-4DEB-A828-7B39C30C956E}.Release|Any CPU.Build.0 = Release|Any CPU
		{7025CE43-7A00-466F-9797-783BF03A2854}.Debug|Any CPU.ActiveCfg = Debug|Any CPU
		{7025CE43-7A00-466F-9797-783BF03A2854}.Debug|Any CPU.Build.0 = Debug|Any CPU
		{7025CE43-7A00-466F-9797-783BF03A2854}.Release|Any CPU.ActiveCfg = Release|Any CPU
		{7025CE43-7A00-466F-9797-783BF03A2854}.Release|Any CPU.Build.0 = Release|Any CPU
	EndGlobalSection
	GlobalSection(SolutionProperties) = preSolution
		HideSolutionNode = FALSE
	EndGlobalSection
	GlobalSection(ExtensibilityGlobals) = postSolution
		SolutionGuid = {6F51B507-B41A-4AC2-81FA-15C7432A24E2}
	EndGlobalSection
EndGlobal
