
Microsoft Visual Studio Solution File, Format Version 12.00
# Visual Studio Version 17
VisualStudioVersion = 17.0.32630.193
MinimumVisualStudioVersion = 10.0.40219.1
Project("{FAE04EC0-301F-11D3-BF4B-00C04F79EFBC}") = "ParallelSample", "ParallelSample.csproj", "{F9C9EDCF-3105-4F88-9A12-657B5960414B}"
EndProject
Global
	GlobalSection(SolutionConfigurationPlatforms) = preSolution
		Debug|Any CPU = Debug|Any CPU
		Release|Any CPU = Release|Any CPU
	EndGlobalSection
	GlobalSection(ProjectConfigurationPlatforms) = postSolution
		{F9C9EDCF-3105-4F88-9A12-657B5960414B}.Debug|Any CPU.ActiveCfg = Debug|Any CPU
		{F9C9EDCF-3105-4F88-9A12-657B5960414B}.Debug|Any CPU.Build.0 = Debug|Any CPU
		{F9C9EDCF-3105-4F88-9A12-657B5960414B}.Release|Any CPU.ActiveCfg = Release|Any CPU
		{F9C9EDCF-3105-4F88-9A12-657B5960414B}.Release|Any CPU.Build.0 = Release|Any CPU
	EndGlobalSection
	GlobalSection(SolutionProperties) = preSolution
		HideSolutionNode = FALSE
	EndGlobalSection
	GlobalSection(ExtensibilityGlobals) = postSolution
		SolutionGuid = {AE8AD64C-CA8F-44C7-9491-78C4CE893C02}
	EndGlobalSection
EndGlobal
